
Microsoft Visual Studio Solution File, Format Version 12.00
# Visual Studio Version 17
VisualStudioVersion = 17.11.35222.181
MinimumVisualStudioVersion = 10.0.40219.1
Project("{888888A0-9F3D-457C-B088-3A5042F75D52}") = "Gymbo", "Gymbo\Gymbo.pyproj", "{2A7B03C3-153C-4094-ACAF-6D57D34C432E}"
EndProject
Global
	GlobalSection(SolutionConfigurationPlatforms) = preSolution
		Debug|Any CPU = Debug|Any CPU
		Release|Any CPU = Release|Any CPU
	EndGlobalSection
	GlobalSection(ProjectConfigurationPlatforms) = postSolution
		{2A7B03C3-153C-4094-ACAF-6D57D34C432E}.Debug|Any CPU.ActiveCfg = Debug|Any CPU
		{2A7B03C3-153C-4094-ACAF-6D57D34C432E}.Debug|Any CPU.Build.0 = Debug|Any CPU
		{2A7B03C3-153C-4094-ACAF-6D57D34C432E}.Release|Any CPU.ActiveCfg = Release|Any CPU
		{2A7B03C3-153C-4094-ACAF-6D57D34C432E}.Release|Any CPU.Build.0 = Release|Any CPU
	EndGlobalSection
	GlobalSection(SolutionProperties) = preSolution
		HideSolutionNode = FALSE
	EndGlobalSection
	GlobalSection(ExtensibilityGlobals) = postSolution
		SolutionGuid = {1416126A-909E-4AD5-9B04-E6CB4A307AD8}
	EndGlobalSection
EndGlobal
